schema: '2.0'
stages:
  preprocess:
    cmd: python src/preprocess.py
    deps:
    - path: data/raw/data.csv
      hash: md5
      md5: d805607d04846801f9cf49dc5be775de
      size: 23872
    - path: src/preprocess.py
      hash: md5
      md5: 806ac190f242a2df00c5cb0d7844d3d6
      size: 469
    params:
      params.yaml:
        preprocess.input: data/raw/data.csv
        preprocess.output: data/processed/data.csv
    outs:
    - path: data/processed/data.csv
      hash: md5
      md5: 40c8685fe8743b4b196f3dd1a6fe50c6
      size: 23192
  train:
    cmd: python src/train.py
    deps:
    - path: data/raw/data.csv
      hash: md5
      md5: d805607d04846801f9cf49dc5be775de
      size: 23872
    - path: src/train.py
      hash: md5
      md5: 3ebcef72b71524b78242b654a767b4b4
      size: 3363
    params:
      params.yaml:
        train.data: data/raw/data.csv
        train.max_depth: 5
        train.model: models/model.pkl
        train.n_estimators: 100
        train.random_state: 31
    outs:
    - path: models/model.pkl
      hash: md5
      md5: a4a5fd78e3dd9c655ae798e976b068f1
      size: 2723815
